// !$*UTF8*$!
{
	archiveVersion = 1;
	classes = {
	};
	objectVersion = 50;
	objects = {

/* Begin PBXBuildFile section */
		260F0D222099BC3900A82F82 /* Helpers.m in Sources */ = {isa = PBXBuildFile; fileRef = 260F0D212099BC3900A82F82 /* Helpers.m */; };
		260F0D252099BF6A00A82F82 /* UIView+Extension.m in Sources */ = {isa = PBXBuildFile; fileRef = 260F0D242099BF6A00A82F82 /* UIView+Extension.m */; };
		260F0D282099DAE200A82F82 /* CardStackViewController.m in Sources */ = {isa = PBXBuildFile; fileRef = 260F0D272099DAE200A82F82 /* CardStackViewController.m */; };
		260F0D2B209A9E3A00A82F82 /* Constants.m in Sources */ = {isa = PBXBuildFile; fileRef = 260F0D2A209A9E3A00A82F82 /* Constants.m */; };
		260F0D34209B546900A82F82 /* UIColor+Extension.m in Sources */ = {isa = PBXBuildFile; fileRef = 260F0D33209B546900A82F82 /* UIColor+Extension.m */; };
		260F0D37209CA37100A82F82 /* CardViewController.m in Sources */ = {isa = PBXBuildFile; fileRef = 260F0D36209CA37100A82F82 /* CardViewController.m */; };
		261E702F2099BB2D00BFA79C /* AppDelegate.m in Sources */ = {isa = PBXBuildFile; fileRef = 261E702E2099BB2D00BFA79C /* AppDelegate.m */; };
		261E70322099BB2D00BFA79C /* ViewController.m in Sources */ = {isa = PBXBuildFile; fileRef = 261E70312099BB2D00BFA79C /* ViewController.m */; };
		261E70352099BB2D00BFA79C /* Main.storyboard in Resources */ = {isa = PBXBuildFile; fileRef = 261E70332099BB2D00BFA79C /* Main.storyboard */; };
		261E70372099BB2E00BFA79C /* Assets.xcassets in Resources */ = {isa = PBXBuildFile; fileRef = 261E70362099BB2E00BFA79C /* Assets.xcassets */; };
		261E703A2099BB2E00BFA79C /* LaunchScreen.storyboard in Resources */ = {isa = PBXBuildFile; fileRef = 261E70382099BB2E00BFA79C /* LaunchScreen.storyboard */; };
		261E703D2099BB2E00BFA79C /* main.m in Sources */ = {isa = PBXBuildFile; fileRef = 261E703C2099BB2E00BFA79C /* main.m */; };
/* End PBXBuildFile section */

/* Begin PBXFileReference section */
		260F0D202099BC3900A82F82 /* Helpers.h */ = {isa = PBXFileReference; lastKnownFileType = sourcecode.c.h; path = Helpers.h; sourceTree = "<group>"; };
		260F0D212099BC3900A82F82 /* Helpers.m */ = {isa = PBXFileReference; lastKnownFileType = sourcecode.c.objc; path = Helpers.m; sourceTree = "<group>"; };
		260F0D232099BF6A00A82F82 /* UIView+Extension.h */ = {isa = PBXFileReference; lastKnownFileType = sourcecode.c.h; path = "UIView+Extension.h"; sourceTree = "<group>"; };
		260F0D242099BF6A00A82F82 /* UIView+Extension.m */ = {isa = PBXFileReference; lastKnownFileType = sourcecode.c.objc; path = "UIView+Extension.m"; sourceTree = "<group>"; };
		260F0D262099DAE200A82F82 /* CardStackViewController.h */ = {isa = PBXFileReference; lastKnownFileType = sourcecode.c.h; path = CardStackViewController.h; sourceTree = "<group>"; };
		260F0D272099DAE200A82F82 /* CardStackViewController.m */ = {isa = PBXFileReference; lastKnownFileType = sourcecode.c.objc; path = CardStackViewController.m; sourceTree = "<group>"; };
		260F0D29209A9E3A00A82F82 /* Constants.h */ = {isa = PBXFileReference; lastKnownFileType = sourcecode.c.h; path = Constants.h; sourceTree = "<group>"; };
		260F0D2A209A9E3A00A82F82 /* Constants.m */ = {isa = PBXFileReference; lastKnownFileType = sourcecode.c.objc; path = Constants.m; sourceTree = "<group>"; };
		260F0D32209B546900A82F82 /* UIColor+Extension.h */ = {isa = PBXFileReference; lastKnownFileType = sourcecode.c.h; path = "UIColor+Extension.h"; sourceTree = "<group>"; };
		260F0D33209B546900A82F82 /* UIColor+Extension.m */ = {isa = PBXFileReference; lastKnownFileType = sourcecode.c.objc; path = "UIColor+Extension.m"; sourceTree = "<group>"; };
		260F0D35209CA37100A82F82 /* CardViewController.h */ = {isa = PBXFileReference; lastKnownFileType = sourcecode.c.h; path = CardViewController.h; sourceTree = "<group>"; };
		260F0D36209CA37100A82F82 /* CardViewController.m */ = {isa = PBXFileReference; lastKnownFileType = sourcecode.c.objc; path = CardViewController.m; sourceTree = "<group>"; };
		261E702A2099BB2D00BFA79C /* PresentCardViewController.app */ = {isa = PBXFileReference; explicitFileType = wrapper.application; includeInIndex = 0; path = PresentCardViewController.app; sourceTree = BUILT_PRODUCTS_DIR; };
		261E702D2099BB2D00BFA79C /* AppDelegate.h */ = {isa = PBXFileReference; lastKnownFileType = sourcecode.c.h; path = AppDelegate.h; sourceTree = "<group>"; };
		261E702E2099BB2D00BFA79C /* AppDelegate.m */ = {isa = PBXFileReference; lastKnownFileType = sourcecode.c.objc; path = AppDelegate.m; sourceTree = "<group>"; };
		261E70302099BB2D00BFA79C /* ViewController.h */ = {isa = PBXFileReference; lastKnownFileType = sourcecode.c.h; path = ViewController.h; sourceTree = "<group>"; };
		261E70312099BB2D00BFA79C /* ViewController.m */ = {isa = PBXFileReference; lastKnownFileType = sourcecode.c.objc; path = ViewController.m; sourceTree = "<group>"; };
		261E70342099BB2D00BFA79C /* Base */ = {isa = PBXFileReference; lastKnownFileType = file.storyboard; name = Base; path = Base.lproj/Main.storyboard; sourceTree = "<group>"; };
		261E70362099BB2E00BFA79C /* Assets.xcassets */ = {isa = PBXFileReference; lastKnownFileType = folder.assetcatalog; path = Assets.xcassets; sourceTree = "<group>"; };
		261E70392099BB2E00BFA79C /* Base */ = {isa = PBXFileReference; lastKnownFileType = file.storyboard; name = Base; path = Base.lproj/LaunchScreen.storyboard; sourceTree = "<group>"; };
		261E703B2099BB2E00BFA79C /* Info.plist */ = {isa = PBXFileReference; lastKnownFileType = text.plist.xml; path = Info.plist; sourceTree = "<group>"; };
		261E703C2099BB2E00BFA79C /* main.m */ = {isa = PBXFileReference; lastKnownFileType = sourcecode.c.objc; path = main.m; sourceTree = "<group>"; };
/* End PBXFileReference section */

/* Begin PBXFrameworksBuildPhase section */
		261E70272099BB2D00BFA79C /* Frameworks */ = {
			isa = PBXFrameworksBuildPhase;
			buildActionMask = 2147483647;
			files = (
			);
			runOnlyForDeploymentPostprocessing = 0;
		};
/* End PBXFrameworksBuildPhase section */

/* Begin PBXGroup section */
		260F0D1F2099BB9400A82F82 /* PresentCardViewController */ = {
			isa = PBXGroup;
			children = (
				260F0D202099BC3900A82F82 /* Helpers.h */,
				260F0D212099BC3900A82F82 /* Helpers.m */,
				260F0D32209B546900A82F82 /* UIColor+Extension.h */,
				260F0D33209B546900A82F82 /* UIColor+Extension.m */,
				260F0D232099BF6A00A82F82 /* UIView+Extension.h */,
				260F0D242099BF6A00A82F82 /* UIView+Extension.m */,
				260F0D262099DAE200A82F82 /* CardStackViewController.h */,
				260F0D272099DAE200A82F82 /* CardStackViewController.m */,
				260F0D29209A9E3A00A82F82 /* Constants.h */,
				260F0D2A209A9E3A00A82F82 /* Constants.m */,
			);
			path = PresentCardViewController;
			sourceTree = "<group>";
		};
		261E70212099BB2D00BFA79C = {
			isa = PBXGroup;
			children = (
				261E702C2099BB2D00BFA79C /* PresentCardViewController */,
				261E702B2099BB2D00BFA79C /* Products */,
			);
			sourceTree = "<group>";
		};
		261E702B2099BB2D00BFA79C /* Products */ = {
			isa = PBXGroup;
			children = (
				261E702A2099BB2D00BFA79C /* PresentCardViewController.app */,
			);
			name = Products;
			sourceTree = "<group>";
		};
		261E702C2099BB2D00BFA79C /* PresentCardViewController */ = {
			isa = PBXGroup;
			children = (
				261E702D2099BB2D00BFA79C /* AppDelegate.h */,
				261E702E2099BB2D00BFA79C /* AppDelegate.m */,
				261E70302099BB2D00BFA79C /* ViewController.h */,
				261E70312099BB2D00BFA79C /* ViewController.m */,
				260F0D35209CA37100A82F82 /* CardViewController.h */,
				260F0D36209CA37100A82F82 /* CardViewController.m */,
				260F0D1F2099BB9400A82F82 /* PresentCardViewController */,
				261E70332099BB2D00BFA79C /* Main.storyboard */,
				261E70362099BB2E00BFA79C /* Assets.xcassets */,
				261E70382099BB2E00BFA79C /* LaunchScreen.storyboard */,
				261E703B2099BB2E00BFA79C /* Info.plist */,
				261E703C2099BB2E00BFA79C /* main.m */,
			);
			path = PresentCardViewController;
			sourceTree = "<group>";
		};
/* End PBXGroup section */

/* Begin PBXNativeTarget section */
		261E70292099BB2D00BFA79C /* PresentCardViewController */ = {
			isa = PBXNativeTarget;
			buildConfigurationList = 261E70402099BB2E00BFA79C /* Build configuration list for PBXNativeTarget "PresentCardViewController" */;
			buildPhases = (
				261E70262099BB2D00BFA79C /* Sources */,
				261E70272099BB2D00BFA79C /* Frameworks */,
				261E70282099BB2D00BFA79C /* Resources */,
			);
			buildRules = (
			);
			dependencies = (
			);
			name = PresentCardViewController;
			productName = PresentCardViewController;
			productReference = 261E702A2099BB2D00BFA79C /* PresentCardViewController.app */;
			productType = "com.apple.product-type.application";
		};
/* End PBXNativeTarget section */

/* Begin PBXProject section */
		261E70222099BB2D00BFA79C /* Project object */ = {
			isa = PBXProject;
			attributes = {
				LastUpgradeCheck = 0930;
				ORGANIZATIONNAME = windorz;
				TargetAttributes = {
					261E70292099BB2D00BFA79C = {
						CreatedOnToolsVersion = 9.3;
					};
				};
			};
			buildConfigurationList = 261E70252099BB2D00BFA79C /* Build configuration list for PBXProject "PresentCardViewController" */;
			compatibilityVersion = "Xcode 9.3";
			developmentRegion = en;
			hasScannedForEncodings = 0;
			knownRegions = (
				en,
				Base,
			);
			mainGroup = 261E70212099BB2D00BFA79C;
			productRefGroup = 261E702B2099BB2D00BFA79C /* Products */;
			projectDirPath = "";
			projectRoot = "";
			targets = (
				261E70292099BB2D00BFA79C /* PresentCardViewController */,
			);
		};
/* End PBXProject section */

/* Begin PBXResourcesBuildPhase section */
		261E70282099BB2D00BFA79C /* Resources */ = {
			isa = PBXResourcesBuildPhase;
			buildActionMask = 2147483647;
			files = (
				261E703A2099BB2E00BFA79C /* LaunchScreen.storyboard in Resources */,
				261E70372099BB2E00BFA79C /* Assets.xcassets in Resources */,
				261E70352099BB2D00BFA79C /* Main.storyboard in Resources */,
			);
			runOnlyForDeploymentPostprocessing = 0;
		};
/* End PBXResourcesBuildPhase section */

/* Begin PBXSourcesBuildPhase section */
		261E70262099BB2D00BFA79C /* Sources */ = {
			isa = PBXSourcesBuildPhase;
			buildActionMask = 2147483647;
			files = (
				260F0D252099BF6A00A82F82 /* UIView+Extension.m in Sources */,
				261E70322099BB2D00BFA79C /* ViewController.m in Sources */,
				261E703D2099BB2E00BFA79C /* main.m in Sources */,
				260F0D34209B546900A82F82 /* UIColor+Extension.m in Sources */,
				261E702F2099BB2D00BFA79C /* AppDelegate.m in Sources */,
				260F0D37209CA37100A82F82 /* CardViewController.m in Sources */,
				260F0D222099BC3900A82F82 /* Helpers.m in Sources */,
				260F0D2B209A9E3A00A82F82 /* Constants.m in Sources */,
				260F0D282099DAE200A82F82 /* CardStackViewController.m in Sources */,
			);
			runOnlyForDeploymentPostprocessing = 0;
		};
/* End PBXSourcesBuildPhase section */

/* Begin PBXVariantGroup section */
		261E70332099BB2D00BFA79C /* Main.storyboard */ = {
			isa = PBXVariantGroup;
			children = (
				261E70342099BB2D00BFA79C /* Base */,
			);
			name = Main.storyboard;
			sourceTree = "<group>";
		};
		261E70382099BB2E00BFA79C /* LaunchScreen.storyboard */ = {
			isa = PBXVariantGroup;
			children = (
				261E70392099BB2E00BFA79C /* Base */,
			);
			name = LaunchScreen.storyboard;
			sourceTree = "<group>";
		};
/* End PBXVariantGroup section */

/* Begin XCBuildConfiguration section */
		261E703E2099BB2E00BFA79C /* Debug */ = {
			isa = XCBuildConfiguration;
			buildSettings = {
				ALWAYS_SEARCH_USER_PATHS = NO;
				CLANG_ANALYZER_NONNULL = YES;
				CLANG_ANALYZER_NUMBER_OBJECT_CONVERSION = YES_AGGRESSIVE;
				CLANG_CXX_LANGUAGE_STANDARD = "gnu++14";
				CLANG_CXX_LIBRARY = "libc++";
				CLANG_ENABLE_MODULES = YES;
				CLANG_ENABLE_OBJC_ARC = YES;
				CLANG_ENABLE_OBJC_WEAK = YES;
				CLANG_WARN_BLOCK_CAPTURE_AUTORELEASING = YES;
				CLANG_WARN_BOOL_CONVERSION = YES;
				CLANG_WARN_COMMA = YES;
				CLANG_WARN_CONSTANT_CONVERSION = YES;
				CLANG_WARN_DEPRECATED_OBJC_IMPLEMENTATIONS = YES;
				CLANG_WARN_DIRECT_OBJC_ISA_USAGE = YES_ERROR;
				CLANG_WARN_DOCUMENTATION_COMMENTS = YES;
				CLANG_WARN_EMPTY_BODY = YES;
				CLANG_WARN_ENUM_CONVERSION = YES;
				CLANG_WARN_INFINITE_RECURSION = YES;
				CLANG_WARN_INT_CONVERSION = YES;
				CLANG_WARN_NON_LITERAL_NULL_CONVERSION = YES;
				CLANG_WARN_OBJC_IMPLICIT_RETAIN_SELF = YES;
				CLANG_WARN_OBJC_LITERAL_CONVERSION = YES;
				CLANG_WARN_OBJC_ROOT_CLASS = YES_ERROR;
				CLANG_WARN_RANGE_LOOP_ANALYSIS = YES;
				CLANG_WARN_STRICT_PROTOTYPES = YES;
				CLANG_WARN_SUSPICIOUS_MOVE = YES;
				CLANG_WARN_UNGUARDED_AVAILABILITY = YES_AGGRESSIVE;
				CLANG_WARN_UNREACHABLE_CODE = YES;
				CLANG_WARN__DUPLICATE_METHOD_MATCH = YES;
				CODE_SIGN_IDENTITY = "iPhone Developer";
				COPY_PHASE_STRIP = NO;
				DEBUG_INFORMATION_FORMAT = dwarf;
				ENABLE_STRICT_OBJC_MSGSEND = YES;
				ENABLE_TESTABILITY = YES;
				GCC_C_LANGUAGE_STANDARD = gnu11;
				GCC_DYNAMIC_NO_PIC = NO;
				GCC_NO_COMMON_BLOCKS = YES;
				GCC_OPTIMIZATION_LEVEL = 0;
				GCC_PREPROCESSOR_DEFINITIONS = (
					"DEBUG=1",
					"$(inherited)",
				);
				GCC_WARN_64_TO_32_BIT_CONVERSION = YES;
				GCC_WARN_ABOUT_RETURN_TYPE = YES_ERROR;
				GCC_WARN_UNDECLARED_SELECTOR = YES;
				GCC_WARN_UNINITIALIZED_AUTOS = YES_AGGRESSIVE;
				GCC_WARN_UNUSED_FUNCTION = YES;
				GCC_WARN_UNUSED_VARIABLE = YES;
				IPHONEOS_DEPLOYMENT_TARGET = 11.3;
				MTL_ENABLE_DEBUG_INFO = YES;
				ONLY_ACTIVE_ARCH = YES;
				SDKROOT = iphoneos;
			};
			name = Debug;
		};
		261E703F2099BB2E00BFA79C /* Release */ = {
			isa = XCBuildConfiguration;
			buildSettings = {
				ALWAYS_SEARCH_USER_PATHS = NO;
				CLANG_ANALYZER_NONNULL = YES;
				CLANG_ANALYZER_NUMBER_OBJECT_CONVERSION = YES_AGGRESSIVE;
				CLANG_CXX_LANGUAGE_STANDARD = "gnu++14";
				CLANG_CXX_LIBRARY = "libc++";
				CLANG_ENABLE_MODULES = YES;
				CLANG_ENABLE_OBJC_ARC = YES;
				CLANG_ENABLE_OBJC_WEAK = YES;
				CLANG_WARN_BLOCK_CAPTURE_AUTORELEASING = YES;
				CLANG_WARN_BOOL_CONVERSION = YES;
				CLANG_WARN_COMMA = YES;
				CLANG_WARN_CONSTANT_CONVERSION = YES;
				CLANG_WARN_DEPRECATED_OBJC_IMPLEMENTATIONS = YES;
				CLANG_WARN_DIRECT_OBJC_ISA_USAGE = YES_ERROR;
				CLANG_WARN_DOCUMENTATION_COMMENTS = YES;
				CLANG_WARN_EMPTY_BODY = YES;
				CLANG_WARN_ENUM_CONVERSION = YES;
				CLANG_WARN_INFINITE_RECURSION = YES;
				CLANG_WARN_INT_CONVERSION = YES;
				CLANG_WARN_NON_LITERAL_NULL_CONVERSION = YES;
				CLANG_WARN_OBJC_IMPLICIT_RETAIN_SELF = YES;
				CLANG_WARN_OBJC_LITERAL_CONVERSION = YES;
				CLANG_WARN_OBJC_ROOT_CLASS = YES_ERROR;
				CLANG_WARN_RANGE_LOOP_ANALYSIS = YES;
				CLANG_WARN_STRICT_PROTOTYPES = YES;
				CLANG_WARN_SUSPICIOUS_MOVE = YES;
				CLANG_WARN_UNGUARDED_AVAILABILITY = YES_AGGRESSIVE;
				CLANG_WARN_UNREACHABLE_CODE = YES;
				CLANG_WARN__DUPLICATE_METHOD_MATCH = YES;
				CODE_SIGN_IDENTITY = "iPhone Developer";
				COPY_PHASE_STRIP = NO;
				DEBUG_INFORMATION_FORMAT = "dwarf-with-dsym";
				ENABLE_NS_ASSERTIONS = NO;
				ENABLE_STRICT_OBJC_MSGSEND = YES;
				GCC_C_LANGUAGE_STANDARD = gnu11;
				GCC_NO_COMMON_BLOCKS = YES;
				GCC_WARN_64_TO_32_BIT_CONVERSION = YES;
				GCC_WARN_ABOUT_RETURN_TYPE = YES_ERROR;
				GCC_WARN_UNDECLARED_SELECTOR = YES;
				GCC_WARN_UNINITIALIZED_AUTOS = YES_AGGRESSIVE;
				GCC_WARN_UNUSED_FUNCTION = YES;
				GCC_WARN_UNUSED_VARIABLE = YES;
				IPHONEOS_DEPLOYMENT_TARGET = 11.3;
				MTL_ENABLE_DEBUG_INFO = NO;
				SDKROOT = iphoneos;
				VALIDATE_PRODUCT = YES;
			};
			name = Release;
		};
		261E70412099BB2E00BFA79C /* Debug */ = {
			isa = XCBuildConfiguration;
			buildSettings = {
				ASSETCATALOG_COMPILER_APPICON_NAME = AppIcon;
				CODE_SIGN_STYLE = Automatic;
				DEVELOPMENT_TEAM = 26Z2MG3ME2;
				INFOPLIST_FILE = PresentCardViewController/Info.plist;
				IPHONEOS_DEPLOYMENT_TARGET = 9.0;
				LD_RUNPATH_SEARCH_PATHS = (
					"$(inherited)",
					"@executable_path/Frameworks",
				);
				PRODUCT_BUNDLE_IDENTIFIER = com.windorz.PresentCardViewController;
				PRODUCT_NAME = "$(TARGET_NAME)";
				TARGETED_DEVICE_FAMILY = "1,2";
			};
			name = Debug;
		};
		261E70422099BB2E00BFA79C /* Release */ = {
			isa = XCBuildConfiguration;
			buildSettings = {
				ASSETCATALOG_COMPILER_APPICON_NAME = AppIcon;
				CODE_SIGN_STYLE = Automatic;
				DEVELOPMENT_TEAM = 26Z2MG3ME2;
				INFOPLIST_FILE = PresentCardViewController/Info.plist;
				IPHONEOS_DEPLOYMENT_TARGET = 9.0;
				LD_RUNPATH_SEARCH_PATHS = (
					"$(inherited)",
					"@executable_path/Frameworks",
				);
				PRODUCT_BUNDLE_IDENTIFIER = com.windorz.PresentCardViewController;
				PRODUCT_NAME = "$(TARGET_NAME)";
				TARGETED_DEVICE_FAMILY = "1,2";
			};
			name = Release;
		};
/* End XCBuildConfiguration section */

/* Begin XCConfigurationList section */
		261E70252099BB2D00BFA79C /* Build configuration list for PBXProject "PresentCardViewController" */ = {
			isa = XCConfigurationList;
			buildConfigurations = (
				261E703E2099BB2E00BFA79C /* Debug */,
				261E703F2099BB2E00BFA79C /* Release */,
			);
			defaultConfigurationIsVisible = 0;
			defaultConfigurationName = Release;
		};
		261E70402099BB2E00BFA79C /* Build configuration list for PBXNativeTarget "PresentCardViewController" */ = {
			isa = XCConfigurationList;
			buildConfigurations = (
				261E70412099BB2E00BFA79C /* Debug */,
				261E70422099BB2E00BFA79C /* Release */,
			);
			defaultConfigurationIsVisible = 0;
			defaultConfigurationName = Release;
		};
/* End XCConfigurationList section */
	};
	rootObject = 261E70222099BB2D00BFA79C /* Project object */;
}
